
Microsoft Visual Studio Solution File, Format Version 12.00
# Visual Studio Version 17
VisualStudioVersion = 17.13.35913.81
MinimumVisualStudioVersion = 10.0.40219.1
Project("{2150E333-8FDC-42A3-9474-1A3956D46DE8}") = "API", "API", "{02EA681E-C7D8-13C7-8484-4AC65E1B71E8}"
EndProject
Project("{FAE04EC0-301F-11D3-BF4B-00C04F79EFBC}") = "Million.Api", "Million\Million.Api\Million.Api.csproj", "{3AA595C8-05D8-4A44-A15D-87606851942A}"
EndProject
Project("{2150E333-8FDC-42A3-9474-1A3956D46DE8}") = "Common", "Common", "{BAA0EC90-DA50-4ADD-BEDD-85B08E915F8A}"
EndProject
Project("{FAE04EC0-301F-11D3-BF4B-00C04F79EFBC}") = "Million.Common", "Million\Million.Common\Million.Common.csproj", "{D3044641-02D0-4F94-A613-EFD4B28E8C89}"
EndProject
Project("{2150E333-8FDC-42A3-9474-1A3956D46DE8}") = "Core", "Core", "{06B453F9-FE8B-4603-8AB4-85961CB756B1}"
EndProject
Project("{FAE04EC0-301F-11D3-BF4B-00C04F79EFBC}") = "Million.Application", "Million\Million.Application\Million.Application.csproj", "{58F6423C-70B4-46D1-BED1-83546B8FFB14}"
EndProject
Project("{FAE04EC0-301F-11D3-BF4B-00C04F79EFBC}") = "Million.Domain", "Million\Million.Domain\Million.Domain.csproj", "{CAA8D42C-BB8F-4664-9BC5-9780A9E76B43}"
EndProject
Project("{2150E333-8FDC-42A3-9474-1A3956D46DE8}") = "Infrastructure", "Infrastructure", "{009102C0-791B-455E-933D-7484D8F873D7}"
EndProject
Project("{FAE04EC0-301F-11D3-BF4B-00C04F79EFBC}") = "Million.External", "Million\Million.External\Million.External.csproj", "{0D5A2EC5-9C14-4972-9CC2-FE818D3FC871}"
EndProject
Project("{FAE04EC0-301F-11D3-BF4B-00C04F79EFBC}") = "Million.Persistence", "Million\Million.Persistence\Million.Persistence.csproj", "{56564BD2-135F-4CD5-B772-E91CA9FCAAFB}"
EndProject
Project("{2150E333-8FDC-42A3-9474-1A3956D46DE8}") = "UnitTest", "UnitTest", "{28E8CEB7-7BEE-416B-B77D-80C230674282}"
EndProject
Project("{FAE04EC0-301F-11D3-BF4B-00C04F79EFBC}") = "Million.Test", "Million.Test\Million.Test.csproj", "{BC51EE65-375E-4510-A38D-A73823DE4B39}"
EndProject
Global
	GlobalSection(SolutionConfigurationPlatforms) = preSolution
		Debug|Any CPU = Debug|Any CPU
		Release|Any CPU = Release|Any CPU
	EndGlobalSection
	GlobalSection(ProjectConfigurationPlatforms) = postSolution
		{3AA595C8-05D8-4A44-A15D-87606851942A}.Debug|Any CPU.ActiveCfg = Debug|Any CPU
		{3AA595C8-05D8-4A44-A15D-87606851942A}.Debug|Any CPU.Build.0 = Debug|Any CPU
		{3AA595C8-05D8-4A44-A15D-87606851942A}.Release|Any CPU.ActiveCfg = Release|Any CPU
		{3AA595C8-05D8-4A44-A15D-87606851942A}.Release|Any CPU.Build.0 = Release|Any CPU
		{D3044641-02D0-4F94-A613-EFD4B28E8C89}.Debug|Any CPU.ActiveCfg = Debug|Any CPU
		{D3044641-02D0-4F94-A613-EFD4B28E8C89}.Debug|Any CPU.Build.0 = Debug|Any CPU
		{D3044641-02D0-4F94-A613-EFD4B28E8C89}.Release|Any CPU.ActiveCfg = Release|Any CPU
		{D3044641-02D0-4F94-A613-EFD4B28E8C89}.Release|Any CPU.Build.0 = Release|Any CPU
		{58F6423C-70B4-46D1-BED1-83546B8FFB14}.Debug|Any CPU.ActiveCfg = Debug|Any CPU
		{58F6423C-70B4-46D1-BED1-83546B8FFB14}.Debug|Any CPU.Build.0 = Debug|Any CPU
		{58F6423C-70B4-46D1-BED1-83546B8FFB14}.Release|Any CPU.ActiveCfg = Release|Any CPU
		{58F6423C-70B4-46D1-BED1-83546B8FFB14}.Release|Any CPU.Build.0 = Release|Any CPU
		{CAA8D42C-BB8F-4664-9BC5-9780A9E76B43}.Debug|Any CPU.ActiveCfg = Debug|Any CPU
		{CAA8D42C-BB8F-4664-9BC5-9780A9E76B43}.Debug|Any CPU.Build.0 = Debug|Any CPU
		{CAA8D42C-BB8F-4664-9BC5-9780A9E76B43}.Release|Any CPU.ActiveCfg = Release|Any CPU
		{CAA8D42C-BB8F-4664-9BC5-9780A9E76B43}.Release|Any CPU.Build.0 = Release|Any CPU
		{0D5A2EC5-9C14-4972-9CC2-FE818D3FC871}.Debug|Any CPU.ActiveCfg = Debug|Any CPU
		{0D5A2EC5-9C14-4972-9CC2-FE818D3FC871}.Debug|Any CPU.Build.0 = Debug|Any CPU
		{0D5A2EC5-9C14-4972-9CC2-FE818D3FC871}.Release|Any CPU.ActiveCfg = Release|Any CPU
		{0D5A2EC5-9C14-4972-9CC2-FE818D3FC871}.Release|Any CPU.Build.0 = Release|Any CPU
		{56564BD2-135F-4CD5-B772-E91CA9FCAAFB}.Debug|Any CPU.ActiveCfg = Debug|Any CPU
		{56564BD2-135F-4CD5-B772-E91CA9FCAAFB}.Debug|Any CPU.Build.0 = Debug|Any CPU
		{56564BD2-135F-4CD5-B772-E91CA9FCAAFB}.Release|Any CPU.ActiveCfg = Release|Any CPU
		{56564BD2-135F-4CD5-B772-E91CA9FCAAFB}.Release|Any CPU.Build.0 = Release|Any CPU
		{BC51EE65-375E-4510-A38D-A73823DE4B39}.Debug|Any CPU.ActiveCfg = Debug|Any CPU
		{BC51EE65-375E-4510-A38D-A73823DE4B39}.Debug|Any CPU.Build.0 = Debug|Any CPU
		{BC51EE65-375E-4510-A38D-A73823DE4B39}.Release|Any CPU.ActiveCfg = Release|Any CPU
		{BC51EE65-375E-4510-A38D-A73823DE4B39}.Release|Any CPU.Build.0 = Release|Any CPU
	EndGlobalSection
	GlobalSection(SolutionProperties) = preSolution
		HideSolutionNode = FALSE
	EndGlobalSection
	GlobalSection(NestedProjects) = preSolution
		{3AA595C8-05D8-4A44-A15D-87606851942A} = {02EA681E-C7D8-13C7-8484-4AC65E1B71E8}
		{D3044641-02D0-4F94-A613-EFD4B28E8C89} = {BAA0EC90-DA50-4ADD-BEDD-85B08E915F8A}
		{58F6423C-70B4-46D1-BED1-83546B8FFB14} = {06B453F9-FE8B-4603-8AB4-85961CB756B1}
		{CAA8D42C-BB8F-4664-9BC5-9780A9E76B43} = {06B453F9-FE8B-4603-8AB4-85961CB756B1}
		{0D5A2EC5-9C14-4972-9CC2-FE818D3FC871} = {009102C0-791B-455E-933D-7484D8F873D7}
		{56564BD2-135F-4CD5-B772-E91CA9FCAAFB} = {009102C0-791B-455E-933D-7484D8F873D7}
		{BC51EE65-375E-4510-A38D-A73823DE4B39} = {28E8CEB7-7BEE-416B-B77D-80C230674282}
	EndGlobalSection
	GlobalSection(ExtensibilityGlobals) = postSolution
		SolutionGuid = {F98A533F-87D0-4E88-A513-5E19188FCC55}
	EndGlobalSection
EndGlobal
